// !$*UTF8*$!
{
	archiveVersion = 1;
	classes = {
	};
	objectVersion = 46;
	objects = {

/* Begin PBXBuildFile section */
		5B3362551C6516000098AD4A /* AppDelegate.swift in Sources */ = {isa = PBXBuildFile; fileRef = 5B3362541C6516000098AD4A /* AppDelegate.swift */; };
		5B3362571C6516000098AD4A /* ViewController.swift in Sources */ = {isa = PBXBuildFile; fileRef = 5B3362561C6516000098AD4A /* ViewController.swift */; };
		5B33625A1C6516000098AD4A /* Main.storyboard in Resources */ = {isa = PBXBuildFile; fileRef = 5B3362581C6516000098AD4A /* Main.storyboard */; };
		5B33625C1C6516000098AD4A /* Assets.xcassets in Resources */ = {isa = PBXBuildFile; fileRef = 5B33625B1C6516000098AD4A /* Assets.xcassets */; };
		5B33625F1C6516000098AD4A /* LaunchScreen.storyboard in Resources */ = {isa = PBXBuildFile; fileRef = 5B33625D1C6516000098AD4A /* LaunchScreen.storyboard */; };
		5B33626A1C6516000098AD4A /* Count2Tests.swift in Sources */ = {isa = PBXBuildFile; fileRef = 5B3362691C6516000098AD4A /* Count2Tests.swift */; };
		5B3362751C6516000098AD4A /* Count2UITests.swift in Sources */ = {isa = PBXBuildFile; fileRef = 5B3362741C6516000098AD4A /* Count2UITests.swift */; };
/* End PBXBuildFile section */

/* Begin PBXContainerItemProxy section */
		5B3362661C6516000098AD4A /* PBXContainerItemProxy */ = {
			isa = PBXContainerItemProxy;
			containerPortal = 5B3362491C6516000098AD4A /* Project object */;
			proxyType = 1;
			remoteGlobalIDString = 5B3362501C6516000098AD4A;
			remoteInfo = Count2;
		};
		5B3362711C6516000098AD4A /* PBXContainerItemProxy */ = {
			isa = PBXContainerItemProxy;
			containerPortal = 5B3362491C6516000098AD4A /* Project object */;
			proxyType = 1;
			remoteGlobalIDString = 5B3362501C6516000098AD4A;
			remoteInfo = Count2;
		};
/* End PBXContainerItemProxy section */

/* Begin PBXFileReference section */
		5B3362511C6516000098AD4A /* Count2.app */ = {isa = PBXFileReference; explicitFileType = wrapper.application; includeInIndex = 0; path = Count2.app; sourceTree = BUILT_PRODUCTS_DIR; };
		5B3362541C6516000098AD4A /* AppDelegate.swift */ = {isa = PBXFileReference; lastKnownFileType = sourcecode.swift; path = AppDelegate.swift; sourceTree = "<group>"; };
		5B3362561C6516000098AD4A /* ViewController.swift */ = {isa = PBXFileReference; lastKnownFileType = sourcecode.swift; path = ViewController.swift; sourceTree = "<group>"; };
		5B3362591C6516000098AD4A /* Base */ = {isa = PBXFileReference; lastKnownFileType = file.storyboard; name = Base; path = Base.lproj/Main.storyboard; sourceTree = "<group>"; };
		5B33625B1C6516000098AD4A /* Assets.xcassets */ = {isa = PBXFileReference; lastKnownFileType = folder.assetcatalog; path = Assets.xcassets; sourceTree = "<group>"; };
		5B33625E1C6516000098AD4A /* Base */ = {isa = PBXFileReference; lastKnownFileType = file.storyboard; name = Base; path = Base.lproj/LaunchScreen.storyboard; sourceTree = "<group>"; };
		5B3362601C6516000098AD4A /* Info.plist */ = {isa = PBXFileReference; lastKnownFileType = text.plist.xml; path = Info.plist; sourceTree = "<group>"; };
		5B3362651C6516000098AD4A /* Count2Tests.xctest */ = {isa = PBXFileReference; explicitFileType = wrapper.cfbundle; includeInIndex = 0; path = Count2Tests.xctest; sourceTree = BUILT_PRODUCTS_DIR; };
		5B3362691C6516000098AD4A /* Count2Tests.swift */ = {isa = PBXFileReference; lastKnownFileType = sourcecode.swift; path = Count2Tests.swift; sourceTree = "<group>"; };
		5B33626B1C6516000098AD4A /* Info.plist */ = {isa = PBXFileReference; lastKnownFileType = text.plist.xml; path = Info.plist; sourceTree = "<group>"; };
		5B3362701C6516000098AD4A /* Count2UITests.xctest */ = {isa = PBXFileReference; explicitFileType = wrapper.cfbundle; includeInIndex = 0; path = Count2UITests.xctest; sourceTree = BUILT_PRODUCTS_DIR; };
		5B3362741C6516000098AD4A /* Count2UITests.swift */ = {isa = PBXFileReference; lastKnownFileType = sourcecode.swift; path = Count2UITests.swift; sourceTree = "<group>"; };
		5B3362761C6516000098AD4A /* Info.plist */ = {isa = PBXFileReference; lastKnownFileType = text.plist.xml; path = Info.plist; sourceTree = "<group>"; };
/* End PBXFileReference section */

/* Begin PBXFrameworksBuildPhase section */
		5B33624E1C6516000098AD4A /* Frameworks */ = {
			isa = PBXFrameworksBuildPhase;
			buildActionMask = 2147483647;
			files = (
			);
			runOnlyForDeploymentPostprocessing = 0;
		};
		5B3362621C6516000098AD4A /* Frameworks */ = {
			isa = PBXFrameworksBuildPhase;
			buildActionMask = 2147483647;
			files = (
			);
			runOnlyForDeploymentPostprocessing = 0;
		};
		5B33626D1C6516000098AD4A /* Frameworks */ = {
			isa = PBXFrameworksBuildPhase;
			buildActionMask = 2147483647;
			files = (
			);
			runOnlyForDeploymentPostprocessing = 0;
		};
/* End PBXFrameworksBuildPhase section */

/* Begin PBXGroup section */
		5B3362481C6516000098AD4A = {
			isa = PBXGroup;
			children = (
				5B3362531C6516000098AD4A /* Count2 */,
				5B3362681C6516000098AD4A /* Count2Tests */,
				5B3362731C6516000098AD4A /* Count2UITests */,
				5B3362521C6516000098AD4A /* Products */,
			);
			sourceTree = "<group>";
		};
		5B3362521C6516000098AD4A /* Products */ = {
			isa = PBXGroup;
			children = (
				5B3362511C6516000098AD4A /* Count2.app */,
				5B3362651C6516000098AD4A /* Count2Tests.xctest */,
				5B3362701C6516000098AD4A /* Count2UITests.xctest */,
			);
			name = Products;
			sourceTree = "<group>";
		};
		5B3362531C6516000098AD4A /* Count2 */ = {
			isa = PBXGroup;
			children = (
				5B3362541C6516000098AD4A /* AppDelegate.swift */,
				5B3362561C6516000098AD4A /* ViewController.swift */,
				5B3362581C6516000098AD4A /* Main.storyboard */,
				5B33625B1C6516000098AD4A /* Assets.xcassets */,
				5B33625D1C6516000098AD4A /* LaunchScreen.storyboard */,
				5B3362601C6516000098AD4A /* Info.plist */,
			);
			path = Count2;
			sourceTree = "<group>";
		};
		5B3362681C6516000098AD4A /* Count2Tests */ = {
			isa = PBXGroup;
			children = (
				5B3362691C6516000098AD4A /* Count2Tests.swift */,
				5B33626B1C6516000098AD4A /* Info.plist */,
			);
			path = Count2Tests;
			sourceTree = "<group>";
		};
		5B3362731C6516000098AD4A /* Count2UITests */ = {
			isa = PBXGroup;
			children = (
				5B3362741C6516000098AD4A /* Count2UITests.swift */,
				5B3362761C6516000098AD4A /* Info.plist */,
			);
			path = Count2UITests;
			sourceTree = "<group>";
		};
/* End PBXGroup section */

/* Begin PBXNativeTarget section */
		5B3362501C6516000098AD4A /* Count2 */ = {
			isa = PBXNativeTarget;
			buildConfigurationList = 5B3362791C6516000098AD4A /* Build configuration list for PBXNativeTarget "Count2" */;
			buildPhases = (
				5B33624D1C6516000098AD4A /* Sources */,
				5B33624E1C6516000098AD4A /* Frameworks */,
				5B33624F1C6516000098AD4A /* Resources */,
			);
			buildRules = (
			);
			dependencies = (
			);
			name = Count2;
			productName = Count2;
			productReference = 5B3362511C6516000098AD4A /* Count2.app */;
			productType = "com.apple.product-type.application";
		};
		5B3362641C6516000098AD4A /* Count2Tests */ = {
			isa = PBXNativeTarget;
			buildConfigurationList = 5B33627C1C6516000098AD4A /* Build configuration list for PBXNativeTarget "Count2Tests" */;
			buildPhases = (
				5B3362611C6516000098AD4A /* Sources */,
				5B3362621C6516000098AD4A /* Frameworks */,
				5B3362631C6516000098AD4A /* Resources */,
			);
			buildRules = (
			);
			dependencies = (
				5B3362671C6516000098AD4A /* PBXTargetDependency */,
			);
			name = Count2Tests;
			productName = Count2Tests;
			productReference = 5B3362651C6516000098AD4A /* Count2Tests.xctest */;
			productType = "com.apple.product-type.bundle.unit-test";
		};
		5B33626F1C6516000098AD4A /* Count2UITests */ = {
			isa = PBXNativeTarget;
			buildConfigurationList = 5B33627F1C6516000098AD4A /* Build configuration list for PBXNativeTarget "Count2UITests" */;
			buildPhases = (
				5B33626C1C6516000098AD4A /* Sources */,
				5B33626D1C6516000098AD4A /* Frameworks */,
				5B33626E1C6516000098AD4A /* Resources */,
			);
			buildRules = (
			);
			dependencies = (
				5B3362721C6516000098AD4A /* PBXTargetDependency */,
			);
			name = Count2UITests;
			productName = Count2UITests;
			productReference = 5B3362701C6516000098AD4A /* Count2UITests.xctest */;
			productType = "com.apple.product-type.bundle.ui-testing";
		};
/* End PBXNativeTarget section */

/* Begin PBXProject section */
		5B3362491C6516000098AD4A /* Project object */ = {
			isa = PBXProject;
			attributes = {
				LastSwiftUpdateCheck = 0720;
				LastUpgradeCheck = 0720;
				ORGANIZATIONNAME = "佐々木　裕也";
				TargetAttributes = {
					5B3362501C6516000098AD4A = {
						CreatedOnToolsVersion = 7.2.1;
					};
					5B3362641C6516000098AD4A = {
						CreatedOnToolsVersion = 7.2.1;
						TestTargetID = 5B3362501C6516000098AD4A;
					};
					5B33626F1C6516000098AD4A = {
						CreatedOnToolsVersion = 7.2.1;
						TestTargetID = 5B3362501C6516000098AD4A;
					};
				};
			};
			buildConfigurationList = 5B33624C1C6516000098AD4A /* Build configuration list for PBXProject "Count2" */;
			compatibilityVersion = "Xcode 3.2";
			developmentRegion = English;
			hasScannedForEncodings = 0;
			knownRegions = (
				en,
				Base,
			);
			mainGroup = 5B3362481C6516000098AD4A;
			productRefGroup = 5B3362521C6516000098AD4A /* Products */;
			projectDirPath = "";
			projectRoot = "";
			targets = (
				5B3362501C6516000098AD4A /* Count2 */,
				5B3362641C6516000098AD4A /* Count2Tests */,
				5B33626F1C6516000098AD4A /* Count2UITests */,
			);
		};
/* End PBXProject section */

/* Begin PBXResourcesBuildPhase section */
		5B33624F1C6516000098AD4A /* Resources */ = {
			isa = PBXResourcesBuildPhase;
			buildActionMask = 2147483647;
			files = (
				5B33625F1C6516000098AD4A /* LaunchScreen.storyboard in Resources */,
				5B33625C1C6516000098AD4A /* Assets.xcassets in Resources */,
				5B33625A1C6516000098AD4A /* Main.storyboard in Resources */,
			);
			runOnlyForDeploymentPostprocessing = 0;
		};
		5B3362631C6516000098AD4A /* Resources */ = {
			isa = PBXResourcesBuildPhase;
			buildActionMask = 2147483647;
			files = (
			);
			runOnlyForDeploymentPostprocessing = 0;
		};
		5B33626E1C6516000098AD4A /* Resources */ = {
			isa = PBXResourcesBuildPhase;
			buildActionMask = 2147483647;
			files = (
			);
			runOnlyForDeploymentPostprocessing = 0;
		};
/* End PBXResourcesBuildPhase section */

/* Begin PBXSourcesBuildPhase section */
		5B33624D1C6516000098AD4A /* Sources */ = {
			isa = PBXSourcesBuildPhase;
			buildActionMask = 2147483647;
			files = (
				5B3362571C6516000098AD4A /* ViewController.swift in Sources */,
				5B3362551C6516000098AD4A /* AppDelegate.swift in Sources */,
			);
			runOnlyForDeploymentPostprocessing = 0;
		};
		5B3362611C6516000098AD4A /* Sources */ = {
			isa = PBXSourcesBuildPhase;
			buildActionMask = 2147483647;
			files = (
				5B33626A1C6516000098AD4A /* Count2Tests.swift in Sources */,
			);
			runOnlyForDeploymentPostprocessing = 0;
		};
		5B33626C1C6516000098AD4A /* Sources */ = {
			isa = PBXSourcesBuildPhase;
			buildActionMask = 2147483647;
			files = (
				5B3362751C6516000098AD4A /* Count2UITests.swift in Sources */,
			);
			runOnlyForDeploymentPostprocessing = 0;
		};
/* End PBXSourcesBuildPhase section */

/* Begin PBXTargetDependency section */
		5B3362671C6516000098AD4A /* PBXTargetDependency */ = {
			isa = PBXTargetDependency;
			target = 5B3362501C6516000098AD4A /* Count2 */;
			targetProxy = 5B3362661C6516000098AD4A /* PBXContainerItemProxy */;
		};
		5B3362721C6516000098AD4A /* PBXTargetDependency */ = {
			isa = PBXTargetDependency;
			target = 5B3362501C6516000098AD4A /* Count2 */;
			targetProxy = 5B3362711C6516000098AD4A /* PBXContainerItemProxy */;
		};
/* End PBXTargetDependency section */

/* Begin PBXVariantGroup section */
		5B3362581C6516000098AD4A /* Main.storyboard */ = {
			isa = PBXVariantGroup;
			children = (
				5B3362591C6516000098AD4A /* Base */,
			);
			name = Main.storyboard;
			sourceTree = "<group>";
		};
		5B33625D1C6516000098AD4A /* LaunchScreen.storyboard */ = {
			isa = PBXVariantGroup;
			children = (
				5B33625E1C6516000098AD4A /* Base */,
			);
			name = LaunchScreen.storyboard;
			sourceTree = "<group>";
		};
/* End PBXVariantGroup section */

/* Begin XCBuildConfiguration section */
		5B3362771C6516000098AD4A /* Debug */ = {
			isa = XCBuildConfiguration;
			buildSettings = {
				ALWAYS_SEARCH_USER_PATHS = NO;
				CLANG_CXX_LANGUAGE_STANDARD = "gnu++0x";
				CLANG_CXX_LIBRARY = "libc++";
				CLANG_ENABLE_MODULES = YES;
				CLANG_ENABLE_OBJC_ARC = YES;
				CLANG_WARN_BOOL_CONVERSION = YES;
				CLANG_WARN_CONSTANT_CONVERSION = YES;
				CLANG_WARN_DIRECT_OBJC_ISA_USAGE = YES_ERROR;
				CLANG_WARN_EMPTY_BODY = YES;
				CLANG_WARN_ENUM_CONVERSION = YES;
				CLANG_WARN_INT_CONVERSION = YES;
				CLANG_WARN_OBJC_ROOT_CLASS = YES_ERROR;
				CLANG_WARN_UNREACHABLE_CODE = YES;
				CLANG_WARN__DUPLICATE_METHOD_MATCH = YES;
				"CODE_SIGN_IDENTITY[sdk=iphoneos*]" = "iPhone Developer";
				COPY_PHASE_STRIP = NO;
				DEBUG_INFORMATION_FORMAT = dwarf;
				ENABLE_STRICT_OBJC_MSGSEND = YES;
				ENABLE_TESTABILITY = YES;
				GCC_C_LANGUAGE_STANDARD = gnu99;
				GCC_DYNAMIC_NO_PIC = NO;
				GCC_NO_COMMON_BLOCKS = YES;
				GCC_OPTIMIZATION_LEVEL = 0;
				GCC_PREPROCESSOR_DEFINITIONS = (
					"DEBUG=1",
					"$(inherited)",
				);
				GCC_WARN_64_TO_32_BIT_CONVERSION = YES;
				GCC_WARN_ABOUT_RETURN_TYPE = YES_ERROR;
				GCC_WARN_UNDECLARED_SELECTOR = YES;
				GCC_WARN_UNINITIALIZED_AUTOS = YES_AGGRESSIVE;
				GCC_WARN_UNUSED_FUNCTION = YES;
				GCC_WARN_UNUSED_VARIABLE = YES;
				IPHONEOS_DEPLOYMENT_TARGET = 9.2;
				MTL_ENABLE_DEBUG_INFO = YES;
				ONLY_ACTIVE_ARCH = YES;
				SDKROOT = iphoneos;
				SWIFT_OPTIMIZATION_LEVEL = "-Onone";
			};
			name = Debug;
		};
		5B3362781C6516000098AD4A /* Release */ = {
			isa = XCBuildConfiguration;
			buildSettings = {
				ALWAYS_SEARCH_USER_PATHS = NO;
				CLANG_CXX_LANGUAGE_STANDARD = "gnu++0x";
				CLANG_CXX_LIBRARY = "libc++";
				CLANG_ENABLE_MODULES = YES;
				CLANG_ENABLE_OBJC_ARC = YES;
				CLANG_WARN_BOOL_CONVERSION = YES;
				CLANG_WARN_CONSTANT_CONVERSION = YES;
				CLANG_WARN_DIRECT_OBJC_ISA_USAGE = YES_ERROR;
				CLANG_WARN_EMPTY_BODY = YES;
				CLANG_WARN_ENUM_CONVERSION = YES;
				CLANG_WARN_INT_CONVERSION = YES;
				CLANG_WARN_OBJC_ROOT_CLASS = YES_ERROR;
				CLANG_WARN_UNREACHABLE_CODE = YES;
				CLANG_WARN__DUPLICATE_METHOD_MATCH = YES;
				"CODE_SIGN_IDENTITY[sdk=iphoneos*]" = "iPhone Developer";
				COPY_PHASE_STRIP = NO;
				DEBUG_INFORMATION_FORMAT = "dwarf-with-dsym";
				ENABLE_NS_ASSERTIONS = NO;
				ENABLE_STRICT_OBJC_MSGSEND = YES;
				GCC_C_LANGUAGE_STANDARD = gnu99;
				GCC_NO_COMMON_BLOCKS = YES;
				GCC_WARN_64_TO_32_BIT_CONVERSION = YES;
				GCC_WARN_ABOUT_RETURN_TYPE = YES_ERROR;
				GCC_WARN_UNDECLARED_SELECTOR = YES;
				GCC_WARN_UNINITIALIZED_AUTOS = YES_AGGRESSIVE;
				GCC_WARN_UNUSED_FUNCTION = YES;
				GCC_WARN_UNUSED_VARIABLE = YES;
				IPHONEOS_DEPLOYMENT_TARGET = 9.2;
				MTL_ENABLE_DEBUG_INFO = NO;
				SDKROOT = iphoneos;
				VALIDATE_PRODUCT = YES;
			};
			name = Release;
		};
		5B33627A1C6516000098AD4A /* Debug */ = {
			isa = XCBuildConfiguration;
			buildSettings = {
				ASSETCATALOG_COMPILER_APPICON_NAME = AppIcon;
				INFOPLIST_FILE = Count2/Info.plist;
				LD_RUNPATH_SEARCH_PATHS = "$(inherited) @executable_path/Frameworks";
				PRODUCT_BUNDLE_IDENTIFIER = o.Count2;
				PRODUCT_NAME = "$(TARGET_NAME)";
			};
			name = Debug;
		};
		5B33627B1C6516000098AD4A /* Release */ = {
			isa = XCBuildConfiguration;
			buildSettings = {
				ASSETCATALOG_COMPILER_APPICON_NAME = AppIcon;
				INFOPLIST_FILE = Count2/Info.plist;
				LD_RUNPATH_SEARCH_PATHS = "$(inherited) @executable_path/Frameworks";
				PRODUCT_BUNDLE_IDENTIFIER = o.Count2;
				PRODUCT_NAME = "$(TARGET_NAME)";
			};
			name = Release;
		};
		5B33627D1C6516000098AD4A /* Debug */ = {
			isa = XCBuildConfiguration;
			buildSettings = {
				BUNDLE_LOADER = "$(TEST_HOST)";
				INFOPLIST_FILE = Count2Tests/Info.plist;
				LD_RUNPATH_SEARCH_PATHS = "$(inherited) @executable_path/Frameworks @loader_path/Frameworks";
				PRODUCT_BUNDLE_IDENTIFIER = o.Count2Tests;
				PRODUCT_NAME = "$(TARGET_NAME)";
				TEST_HOST = "$(BUILT_PRODUCTS_DIR)/Count2.app/Count2";
			};
			name = Debug;
		};
		5B33627E1C6516000098AD4A /* Release */ = {
			isa = XCBuildConfiguration;
			buildSettings = {
				BUNDLE_LOADER = "$(TEST_HOST)";
				INFOPLIST_FILE = Count2Tests/Info.plist;
				LD_RUNPATH_SEARCH_PATHS = "$(inherited) @executable_path/Frameworks @loader_path/Frameworks";
				PRODUCT_BUNDLE_IDENTIFIER = o.Count2Tests;
				PRODUCT_NAME = "$(TARGET_NAME)";
				TEST_HOST = "$(BUILT_PRODUCTS_DIR)/Count2.app/Count2";
			};
			name = Release;
		};
		5B3362801C6516000098AD4A /* Debug */ = {
			isa = XCBuildConfiguration;
			buildSettings = {
				INFOPLIST_FILE = Count2UITests/Info.plist;
				LD_RUNPATH_SEARCH_PATHS = "$(inherited) @executable_path/Frameworks @loader_path/Frameworks";
				PRODUCT_BUNDLE_IDENTIFIER = o.Count2UITests;
				PRODUCT_NAME = "$(TARGET_NAME)";
				TEST_TARGET_NAME = Count2;
				USES_XCTRUNNER = YES;
			};
			name = Debug;
		};
		5B3362811C6516000098AD4A /* Release */ = {
			isa = XCBuildConfiguration;
			buildSettings = {
				INFOPLIST_FILE = Count2UITests/Info.plist;
				LD_RUNPATH_SEARCH_PATHS = "$(inherited) @executable_path/Frameworks @loader_path/Frameworks";
				PRODUCT_BUNDLE_IDENTIFIER = o.Count2UITests;
				PRODUCT_NAME = "$(TARGET_NAME)";
				TEST_TARGET_NAME = Count2;
				USES_XCTRUNNER = YES;
			};
			name = Release;
		};
/* End XCBuildConfiguration section */

/* Begin XCConfigurationList section */
		5B33624C1C6516000098AD4A /* Build configuration list for PBXProject "Count2" */ = {
			isa = XCConfigurationList;
			buildConfigurations = (
				5B3362771C6516000098AD4A /* Debug */,
				5B3362781C6516000098AD4A /* Release */,
			);
			defaultConfigurationIsVisible = 0;
			defaultConfigurationName = Release;
		};
		5B3362791C6516000098AD4A /* Build configuration list for PBXNativeTarget "Count2" */ = {
			isa = XCConfigurationList;
			buildConfigurations = (
				5B33627A1C6516000098AD4A /* Debug */,
				5B33627B1C6516000098AD4A /* Release */,
			);
			defaultConfigurationIsVisible = 0;
		};
		5B33627C1C6516000098AD4A /* Build configuration list for PBXNativeTarget "Count2Tests" */ = {
			isa = XCConfigurationList;
			buildConfigurations = (
				5B33627D1C6516000098AD4A /* Debug */,
				5B33627E1C6516000098AD4A /* Release */,
			);
			defaultConfigurationIsVisible = 0;
		};
		5B33627F1C6516000098AD4A /* Build configuration list for PBXNativeTarget "Count2UITests" */ = {
			isa = XCConfigurationList;
			buildConfigurations = (
				5B3362801C6516000098AD4A /* Debug */,
				5B3362811C6516000098AD4A /* Release */,
			);
			defaultConfigurationIsVisible = 0;
		};
/* End XCConfigurationList section */
	};
	rootObject = 5B3362491C6516000098AD4A /* Project object */;
}
